
Microsoft Visual Studio Solution File, Format Version 12.00
# Visual Studio Version 17
VisualStudioVersion = 17.13.35825.156 d17.13
MinimumVisualStudioVersion = 10.0.40219.1
Project("{FAE04EC0-301F-11D3-BF4B-00C04F79EFBC}") = "ProjectFStack25", "ProjectFStack25\ProjectFStack25.csproj", "{490CAFFB-C172-4043-BB18-29125BFBE526}"
EndProject
Global
	GlobalSection(SolutionConfigurationPlatforms) = preSolution
		Debug|Any CPU = Debug|Any CPU
		Release|Any CPU = Release|Any CPU
	EndGlobalSection
	GlobalSection(ProjectConfigurationPlatforms) = postSolution
		{490CAFFB-C172-4043-BB18-29125BFBE526}.Debug|Any CPU.ActiveCfg = Debug|Any CPU
		{490CAFFB-C172-4043-BB18-29125BFBE526}.Debug|Any CPU.Build.0 = Debug|Any CPU
		{490CAFFB-C172-4043-BB18-29125BFBE526}.Release|Any CPU.ActiveCfg = Release|Any CPU
		{490CAFFB-C172-4043-BB18-29125BFBE526}.Release|Any CPU.Build.0 = Release|Any CPU
	EndGlobalSection
	GlobalSection(SolutionProperties) = preSolution
		HideSolutionNode = FALSE
	EndGlobalSection
	GlobalSection(ExtensibilityGlobals) = postSolution
		SolutionGuid = {AC65A6F7-0837-4FA7-8977-557F0D1AD280}
	EndGlobalSection
EndGlobal
